# This file is automatically @generated by Cargo.
# It is not intended for manual editing.
version = 4

[[package]]
name = "memoryroam-application"
version = "0.1.0"
dependencies = [
 "memoryroam-domain",
]

[[package]]
name = "memoryroam-cli"
version = "0.1.0"
dependencies = [
 "memoryroam-application",
 "memoryroam-storage-sqlite",
]

[[package]]
name = "memoryroam-domain"
version = "0.1.0"

[[package]]
name = "memoryroam-storage-sqlite"
version = "0.1.0"
dependencies = [
 "memoryroam-application",
 "memoryroam-domain",
]

[[package]]
name = "xtask"
version = "0.1.0"
